
Microsoft Visual Studio Solution File, Format Version 12.00
# Visual Studio Version 16
VisualStudioVersion = 16.0.31605.320
MinimumVisualStudioVersion = 10.0.40219.1
Project("{FAE04EC0-301F-11D3-BF4B-00C04F79EFBC}") = "zemsaniaTEST.WCF", "zemsaniaTEST.WCF\zemsaniaTEST.WCF.csproj", "{06E75423-FD9E-4AA6-A35F-B4CF3DCB2E6B}"
EndProject
Global
	GlobalSection(SolutionConfigurationPlatforms) = preSolution
		Debug|Any CPU = Debug|Any CPU
		Release|Any CPU = Release|Any CPU
	EndGlobalSection
	GlobalSection(ProjectConfigurationPlatforms) = postSolution
		{06E75423-FD9E-4AA6-A35F-B4CF3DCB2E6B}.Debug|Any CPU.ActiveCfg = Debug|Any CPU
		{06E75423-FD9E-4AA6-A35F-B4CF3DCB2E6B}.Debug|Any CPU.Build.0 = Debug|Any CPU
		{06E75423-FD9E-4AA6-A35F-B4CF3DCB2E6B}.Release|Any CPU.ActiveCfg = Release|Any CPU
		{06E75423-FD9E-4AA6-A35F-B4CF3DCB2E6B}.Release|Any CPU.Build.0 = Release|Any CPU
	EndGlobalSection
	GlobalSection(SolutionProperties) = preSolution
		HideSolutionNode = FALSE
	EndGlobalSection
	GlobalSection(ExtensibilityGlobals) = postSolution
		SolutionGuid = {B435B2FF-0DCE-4487-85E1-21652F01A4B4}
	EndGlobalSection
EndGlobal
